// !$*UTF8*$!
{
	archiveVersion = 1;
	classes = {
	};
	objectVersion = 48;
	objects = {

/* Begin PBXBuildFile section */
		3314D9D01FE96D1E001D7CF8 /* ChefMessageViewController.swift in Sources */ = {isa = PBXBuildFile; fileRef = 3314D9CF1FE96D1E001D7CF8 /* ChefMessageViewController.swift */; };
		331C3D031FB15768001CCEFF /* ConnectViewController.swift in Sources */ = {isa = PBXBuildFile; fileRef = 331C3D021FB15768001CCEFF /* ConnectViewController.swift */; };
		333179261FB221C900F1D5DE /* DrinkFilterViewController.swift in Sources */ = {isa = PBXBuildFile; fileRef = 333179251FB221C900F1D5DE /* DrinkFilterViewController.swift */; };
		33403D271FB0D44400016D78 /* MenuFilterViewController.swift in Sources */ = {isa = PBXBuildFile; fileRef = 33403D261FB0D44400016D78 /* MenuFilterViewController.swift */; };
		336249CE1FDB90AC00B529D7 /* MockCustomer.swift in Sources */ = {isa = PBXBuildFile; fileRef = 336249CD1FDB90AC00B529D7 /* MockCustomer.swift */; };
		338B7BA41FA9305200BAB272 /* ExampleTableViewCell.swift in Sources */ = {isa = PBXBuildFile; fileRef = 338B7BA31FA9305200BAB272 /* ExampleTableViewCell.swift */; };
		339E0D6D1FA92AF200C24B05 /* GalleryViewController.swift in Sources */ = {isa = PBXBuildFile; fileRef = 339E0D6C1FA92AF200C24B05 /* GalleryViewController.swift */; };
		33B3ADF61FE57D6400C69C50 /* CardFieldViewController.swift in Sources */ = {isa = PBXBuildFile; fileRef = 33B3ADF51FE57D6400C69C50 /* CardFieldViewController.swift */; };
		33B3ADF81FE57E7D00C69C50 /* ThemeViewController.swift in Sources */ = {isa = PBXBuildFile; fileRef = 33B3ADF71FE57E7D00C69C50 /* ThemeViewController.swift */; };
		33B9910A1FDF18E3000C4E1A /* BarButtonBadges.swift in Sources */ = {isa = PBXBuildFile; fileRef = 33B991091FDF18E3000C4E1A /* BarButtonBadges.swift */; };
		33B9910E1FDF2329000C4E1A /* OnboardingViewController.swift in Sources */ = {isa = PBXBuildFile; fileRef = 33B9910D1FDF2329000C4E1A /* OnboardingViewController.swift */; };
		33C548C41FA9259D00D34899 /* MenuTableViewCell.swift in Sources */ = {isa = PBXBuildFile; fileRef = 33C548C31FA9259D00D34899 /* MenuTableViewCell.swift */; };
		33C8441C1F71D52B00545D15 /* AppDelegate.swift in Sources */ = {isa = PBXBuildFile; fileRef = 33C8441B1F71D52B00545D15 /* AppDelegate.swift */; };
		33C844241F71D52B00545D15 /* RollingGrill.xcdatamodeld in Sources */ = {isa = PBXBuildFile; fileRef = 33C844221F71D52B00545D15 /* RollingGrill.xcdatamodeld */; };
		33C844261F71D52B00545D15 /* Assets.xcassets in Resources */ = {isa = PBXBuildFile; fileRef = 33C844251F71D52B00545D15 /* Assets.xcassets */; };
		33C844291F71D52B00545D15 /* LaunchScreen.storyboard in Resources */ = {isa = PBXBuildFile; fileRef = 33C844271F71D52B00545D15 /* LaunchScreen.storyboard */; };
		33C844311F71D64700545D15 /* Main.storyboard in Resources */ = {isa = PBXBuildFile; fileRef = 33C844301F71D64700545D15 /* Main.storyboard */; };
		33C844361F71D6D100545D15 /* DrinkViewController.swift in Sources */ = {isa = PBXBuildFile; fileRef = 33C844351F71D6D100545D15 /* DrinkViewController.swift */; };
		33C844381F71D6DC00545D15 /* MenuViewController.swift in Sources */ = {isa = PBXBuildFile; fileRef = 33C844371F71D6DC00545D15 /* MenuViewController.swift */; };
		33D1093F1F7EF6F600374166 /* DrinkTableViewCell.swift in Sources */ = {isa = PBXBuildFile; fileRef = 33D1093E1F7EF6F600374166 /* DrinkTableViewCell.swift */; };
		33E463E41F8580CB000F0086 /* Colors.swift in Sources */ = {isa = PBXBuildFile; fileRef = 33E463E31F8580CB000F0086 /* Colors.swift */; };
		5EBD4BC74F91BA2D3549A052 /* Pods_RollingGrill.framework in Frameworks */ = {isa = PBXBuildFile; fileRef = 0C87EB708D5D9507F7B1F979 /* Pods_RollingGrill.framework */; };
/* End PBXBuildFile section */

/* Begin PBXFileReference section */
		0C87EB708D5D9507F7B1F979 /* Pods_RollingGrill.framework */ = {isa = PBXFileReference; explicitFileType = wrapper.framework; includeInIndex = 0; path = Pods_RollingGrill.framework; sourceTree = BUILT_PRODUCTS_DIR; };
		3314D9CF1FE96D1E001D7CF8 /* ChefMessageViewController.swift */ = {isa = PBXFileReference; lastKnownFileType = sourcecode.swift; path = ChefMessageViewController.swift; sourceTree = "<group>"; };
		331C3D021FB15768001CCEFF /* ConnectViewController.swift */ = {isa = PBXFileReference; lastKnownFileType = sourcecode.swift; path = ConnectViewController.swift; sourceTree = "<group>"; };
		333179251FB221C900F1D5DE /* DrinkFilterViewController.swift */ = {isa = PBXFileReference; lastKnownFileType = sourcecode.swift; path = DrinkFilterViewController.swift; sourceTree = "<group>"; };
		33403D261FB0D44400016D78 /* MenuFilterViewController.swift */ = {isa = PBXFileReference; lastKnownFileType = sourcecode.swift; path = MenuFilterViewController.swift; sourceTree = "<group>"; };
		3345976F1FB7A0E400F87EF1 /* RollingGrill.entitlements */ = {isa = PBXFileReference; lastKnownFileType = text.plist.entitlements; path = RollingGrill.entitlements; sourceTree = "<group>"; };
		336249CD1FDB90AC00B529D7 /* MockCustomer.swift */ = {isa = PBXFileReference; lastKnownFileType = sourcecode.swift; path = MockCustomer.swift; sourceTree = "<group>"; };
		338B7BA31FA9305200BAB272 /* ExampleTableViewCell.swift */ = {isa = PBXFileReference; lastKnownFileType = sourcecode.swift; path = ExampleTableViewCell.swift; sourceTree = "<group>"; };
		339E0D6C1FA92AF200C24B05 /* GalleryViewController.swift */ = {isa = PBXFileReference; lastKnownFileType = sourcecode.swift; path = GalleryViewController.swift; sourceTree = "<group>"; };
		33B3ADF51FE57D6400C69C50 /* CardFieldViewController.swift */ = {isa = PBXFileReference; lastKnownFileType = sourcecode.swift; path = CardFieldViewController.swift; sourceTree = "<group>"; };
		33B3ADF71FE57E7D00C69C50 /* ThemeViewController.swift */ = {isa = PBXFileReference; lastKnownFileType = sourcecode.swift; path = ThemeViewController.swift; sourceTree = "<group>"; };
		33B991091FDF18E3000C4E1A /* BarButtonBadges.swift */ = {isa = PBXFileReference; lastKnownFileType = sourcecode.swift; path = BarButtonBadges.swift; sourceTree = "<group>"; };
		33B9910D1FDF2329000C4E1A /* OnboardingViewController.swift */ = {isa = PBXFileReference; lastKnownFileType = sourcecode.swift; path = OnboardingViewController.swift; sourceTree = "<group>"; };
		33C548C31FA9259D00D34899 /* MenuTableViewCell.swift */ = {isa = PBXFileReference; lastKnownFileType = sourcecode.swift; path = MenuTableViewCell.swift; sourceTree = "<group>"; };
		33C844181F71D52B00545D15 /* RollingGrill.app */ = {isa = PBXFileReference; explicitFileType = wrapper.application; includeInIndex = 0; path = RollingGrill.app; sourceTree = BUILT_PRODUCTS_DIR; };
		33C8441B1F71D52B00545D15 /* AppDelegate.swift */ = {isa = PBXFileReference; lastKnownFileType = sourcecode.swift; path = AppDelegate.swift; sourceTree = "<group>"; };
		33C844231F71D52B00545D15 /* RollingGrill.xcdatamodel */ = {isa = PBXFileReference; lastKnownFileType = wrapper.xcdatamodel; path = RollingGrill.xcdatamodel; sourceTree = "<group>"; };
		33C844251F71D52B00545D15 /* Assets.xcassets */ = {isa = PBXFileReference; lastKnownFileType = folder.assetcatalog; path = Assets.xcassets; sourceTree = "<group>"; };
		33C844281F71D52B00545D15 /* Base */ = {isa = PBXFileReference; lastKnownFileType = file.storyboard; name = Base; path = Base.lproj/LaunchScreen.storyboard; sourceTree = "<group>"; };
		33C8442A1F71D52B00545D15 /* Info.plist */ = {isa = PBXFileReference; lastKnownFileType = text.plist.xml; path = Info.plist; sourceTree = "<group>"; };
		33C844301F71D64700545D15 /* Main.storyboard */ = {isa = PBXFileReference; fileEncoding = 4; lastKnownFileType = file.storyboard; path = Main.storyboard; sourceTree = "<group>"; };
		33C844351F71D6D100545D15 /* DrinkViewController.swift */ = {isa = PBXFileReference; fileEncoding = 4; lastKnownFileType = sourcecode.swift; path = DrinkViewController.swift; sourceTree = "<group>"; };
		33C844371F71D6DC00545D15 /* MenuViewController.swift */ = {isa = PBXFileReference; fileEncoding = 4; lastKnownFileType = sourcecode.swift; path = MenuViewController.swift; sourceTree = "<group>"; };
		33D1093E1F7EF6F600374166 /* DrinkTableViewCell.swift */ = {isa = PBXFileReference; lastKnownFileType = sourcecode.swift; path = DrinkTableViewCell.swift; sourceTree = "<group>"; };
		33E463E31F8580CB000F0086 /* Colors.swift */ = {isa = PBXFileReference; lastKnownFileType = sourcecode.swift; path = Colors.swift; sourceTree = "<group>"; };
		36DC71119D94900E2943B6E2 /* Pods-RollingGrill.release.xcconfig */ = {isa = PBXFileReference; includeInIndex = 1; lastKnownFileType = text.xcconfig; name = "Pods-RollingGrill.release.xcconfig"; path = "Pods/Target Support Files/Pods-RollingGrill/Pods-RollingGrill.release.xcconfig"; sourceTree = "<group>"; };
		F40951F77049075D42C2C288 /* Pods-RollingGrill.debug.xcconfig */ = {isa = PBXFileReference; includeInIndex = 1; lastKnownFileType = text.xcconfig; name = "Pods-RollingGrill.debug.xcconfig"; path = "Pods/Target Support Files/Pods-RollingGrill/Pods-RollingGrill.debug.xcconfig"; sourceTree = "<group>"; };
/* End PBXFileReference section */

/* Begin PBXFrameworksBuildPhase section */
		33C844151F71D52B00545D15 /* Frameworks */ = {
			isa = PBXFrameworksBuildPhase;
			buildActionMask = 2147483647;
			files = (
				5EBD4BC74F91BA2D3549A052 /* Pods_RollingGrill.framework in Frameworks */,
			);
			runOnlyForDeploymentPostprocessing = 0;
		};
/* End PBXFrameworksBuildPhase section */

/* Begin PBXGroup section */
		3314D9CD1FE96D04001D7CF8 /* ChefMessage */ = {
			isa = PBXGroup;
			children = (
				3314D9CE1FE96D0F001D7CF8 /* View */,
			);
			path = ChefMessage;
			sourceTree = "<group>";
		};
		3314D9CE1FE96D0F001D7CF8 /* View */ = {
			isa = PBXGroup;
			children = (
				3314D9CF1FE96D1E001D7CF8 /* ChefMessageViewController.swift */,
			);
			path = View;
			sourceTree = "<group>";
		};
		331C3D011FB15752001CCEFF /* View */ = {
			isa = PBXGroup;
			children = (
				331C3D021FB15768001CCEFF /* ConnectViewController.swift */,
			);
			path = View;
			sourceTree = "<group>";
		};
		331F0CAC1FA7AFE200586361 /* Connect */ = {
			isa = PBXGroup;
			children = (
				331C3D011FB15752001CCEFF /* View */,
			);
			path = Connect;
			sourceTree = "<group>";
		};
		331F0CAF1FA7B54400586361 /* View */ = {
			isa = PBXGroup;
			children = (
				33C844351F71D6D100545D15 /* DrinkViewController.swift */,
			);
			path = View;
			sourceTree = "<group>";
		};
		333179231FB221AC00F1D5DE /* Filter */ = {
			isa = PBXGroup;
			children = (
				333179241FB221B800F1D5DE /* View */,
			);
			path = Filter;
			sourceTree = "<group>";
		};
		333179241FB221B800F1D5DE /* View */ = {
			isa = PBXGroup;
			children = (
				333179251FB221C900F1D5DE /* DrinkFilterViewController.swift */,
			);
			path = View;
			sourceTree = "<group>";
		};
		33403D241FB0D40800016D78 /* Filter */ = {
			isa = PBXGroup;
			children = (
				33403D251FB0D41500016D78 /* View */,
			);
			path = Filter;
			sourceTree = "<group>";
		};
		33403D251FB0D41500016D78 /* View */ = {
			isa = PBXGroup;
			children = (
				33403D261FB0D44400016D78 /* MenuFilterViewController.swift */,
			);
			path = View;
			sourceTree = "<group>";
		};
		336075701FACBDFB009BBE11 /* View */ = {
			isa = PBXGroup;
			children = (
				33C844371F71D6DC00545D15 /* MenuViewController.swift */,
			);
			path = View;
			sourceTree = "<group>";
		};
		336249C71FDB8A2900B529D7 /* Checkout */ = {
			isa = PBXGroup;
			children = (
				3314D9CD1FE96D04001D7CF8 /* ChefMessage */,
				336249C81FDB8A3200B529D7 /* View */,
			);
			path = Checkout;
			sourceTree = "<group>";
		};
		336249C81FDB8A3200B529D7 /* View */ = {
			isa = PBXGroup;
			children = (
			);
			path = View;
			sourceTree = "<group>";
		};
		338B7BA21FA9303700BAB272 /* Cell */ = {
			isa = PBXGroup;
			children = (
				338B7BA31FA9305200BAB272 /* ExampleTableViewCell.swift */,
			);
			path = Cell;
			sourceTree = "<group>";
		};
		339E0D6A1FA929F700C24B05 /* Gallery */ = {
			isa = PBXGroup;
			children = (
				339E0D6B1FA92ADF00C24B05 /* View */,
				338B7BA21FA9303700BAB272 /* Cell */,
			);
			path = Gallery;
			sourceTree = "<group>";
		};
		339E0D6B1FA92ADF00C24B05 /* View */ = {
			isa = PBXGroup;
			children = (
				339E0D6C1FA92AF200C24B05 /* GalleryViewController.swift */,
			);
			path = View;
			sourceTree = "<group>";
		};
		33B3ADF31FE57D3A00C69C50 /* CardField */ = {
			isa = PBXGroup;
			children = (
				33B3ADF41FE57D5300C69C50 /* View */,
			);
			path = CardField;
			sourceTree = "<group>";
		};
		33B3ADF41FE57D5300C69C50 /* View */ = {
			isa = PBXGroup;
			children = (
				33B3ADF51FE57D6400C69C50 /* CardFieldViewController.swift */,
			);
			path = View;
			sourceTree = "<group>";
		};
		33B9910B1FDF230A000C4E1A /* Onboarding */ = {
			isa = PBXGroup;
			children = (
				33B9910C1FDF2315000C4E1A /* View */,
			);
			path = Onboarding;
			sourceTree = "<group>";
		};
		33B9910C1FDF2315000C4E1A /* View */ = {
			isa = PBXGroup;
			children = (
				33B9910D1FDF2329000C4E1A /* OnboardingViewController.swift */,
			);
			path = View;
			sourceTree = "<group>";
		};
		33C548C21FA9258A00D34899 /* Cell */ = {
			isa = PBXGroup;
			children = (
				33C548C31FA9259D00D34899 /* MenuTableViewCell.swift */,
			);
			path = Cell;
			sourceTree = "<group>";
		};
		33C8440F1F71D52B00545D15 = {
			isa = PBXGroup;
			children = (
				33C8441A1F71D52B00545D15 /* RollingGrill */,
				33C844191F71D52B00545D15 /* Products */,
				C524C267C8B6B9556AF867D9 /* Pods */,
				F4F77A60354D514AEA578B1B /* Frameworks */,
			);
			sourceTree = "<group>";
		};
		33C844191F71D52B00545D15 /* Products */ = {
			isa = PBXGroup;
			children = (
				33C844181F71D52B00545D15 /* RollingGrill.app */,
			);
			name = Products;
			sourceTree = "<group>";
		};
		33C8441A1F71D52B00545D15 /* RollingGrill */ = {
			isa = PBXGroup;
			children = (
				33B3ADF31FE57D3A00C69C50 /* CardField */,
				33B9910B1FDF230A000C4E1A /* Onboarding */,
				336249C71FDB8A2900B529D7 /* Checkout */,
				3345976F1FB7A0E400F87EF1 /* RollingGrill.entitlements */,
				33C844321F71D69F00545D15 /* Menu */,
				33C844341F71D6BF00545D15 /* Drink */,
				339E0D6A1FA929F700C24B05 /* Gallery */,
				331F0CAC1FA7AFE200586361 /* Connect */,
				33E463E21F8580B1000F0086 /* Resources */,
				33C844301F71D64700545D15 /* Main.storyboard */,
				33C8441B1F71D52B00545D15 /* AppDelegate.swift */,
				33C844251F71D52B00545D15 /* Assets.xcassets */,
				33C844271F71D52B00545D15 /* LaunchScreen.storyboard */,
				33C8442A1F71D52B00545D15 /* Info.plist */,
				33C844221F71D52B00545D15 /* RollingGrill.xcdatamodeld */,
			);
			path = RollingGrill;
			sourceTree = "<group>";
		};
		33C844321F71D69F00545D15 /* Menu */ = {
			isa = PBXGroup;
			children = (
				33403D241FB0D40800016D78 /* Filter */,
				336075701FACBDFB009BBE11 /* View */,
				33C548C21FA9258A00D34899 /* Cell */,
			);
			path = Menu;
			sourceTree = "<group>";
		};
		33C844341F71D6BF00545D15 /* Drink */ = {
			isa = PBXGroup;
			children = (
				333179231FB221AC00F1D5DE /* Filter */,
				331F0CAF1FA7B54400586361 /* View */,
				33D1093D1F7EF6CF00374166 /* Cell */,
				336249CD1FDB90AC00B529D7 /* MockCustomer.swift */,
			);
			path = Drink;
			sourceTree = "<group>";
		};
		33D1093D1F7EF6CF00374166 /* Cell */ = {
			isa = PBXGroup;
			children = (
				33D1093E1F7EF6F600374166 /* DrinkTableViewCell.swift */,
			);
			path = Cell;
			sourceTree = "<group>";
		};
		33E463E21F8580B1000F0086 /* Resources */ = {
			isa = PBXGroup;
			children = (
				33E463E31F8580CB000F0086 /* Colors.swift */,
				33B991091FDF18E3000C4E1A /* BarButtonBadges.swift */,
				33B3ADF71FE57E7D00C69C50 /* ThemeViewController.swift */,
			);
			path = Resources;
			sourceTree = "<group>";
		};
		C524C267C8B6B9556AF867D9 /* Pods */ = {
			isa = PBXGroup;
			children = (
				F40951F77049075D42C2C288 /* Pods-RollingGrill.debug.xcconfig */,
				36DC71119D94900E2943B6E2 /* Pods-RollingGrill.release.xcconfig */,
			);
			name = Pods;
			sourceTree = "<group>";
		};
		F4F77A60354D514AEA578B1B /* Frameworks */ = {
			isa = PBXGroup;
			children = (
				0C87EB708D5D9507F7B1F979 /* Pods_RollingGrill.framework */,
			);
			name = Frameworks;
			sourceTree = "<group>";
		};
/* End PBXGroup section */

/* Begin PBXNativeTarget section */
		33C844171F71D52B00545D15 /* RollingGrill */ = {
			isa = PBXNativeTarget;
			buildConfigurationList = 33C8442D1F71D52B00545D15 /* Build configuration list for PBXNativeTarget "RollingGrill" */;
			buildPhases = (
				453AD3D8EAACE8257E7BD74D /* [CP] Check Pods Manifest.lock */,
				33C844141F71D52B00545D15 /* Sources */,
				33C844151F71D52B00545D15 /* Frameworks */,
				33C844161F71D52B00545D15 /* Resources */,
				ABC23BDEF0F00A9A802B9F59 /* [CP] Embed Pods Frameworks */,
				69463B9B126481EF57EA5C8D /* [CP] Copy Pods Resources */,
			);
			buildRules = (
			);
			dependencies = (
			);
			name = RollingGrill;
			productName = RollingGrill;
			productReference = 33C844181F71D52B00545D15 /* RollingGrill.app */;
			productType = "com.apple.product-type.application";
		};
/* End PBXNativeTarget section */

/* Begin PBXProject section */
		33C844101F71D52B00545D15 /* Project object */ = {
			isa = PBXProject;
			attributes = {
				LastSwiftUpdateCheck = 0900;
				LastUpgradeCheck = 0900;
				ORGANIZATIONNAME = Apptzr;
				TargetAttributes = {
					33C844171F71D52B00545D15 = {
						CreatedOnToolsVersion = 9.0;
						ProvisioningStyle = Automatic;
						SystemCapabilities = {
							com.apple.Push = {
								enabled = 1;
							};
						};
					};
				};
			};
			buildConfigurationList = 33C844131F71D52B00545D15 /* Build configuration list for PBXProject "RollingGrill" */;
			compatibilityVersion = "Xcode 8.0";
			developmentRegion = en;
			hasScannedForEncodings = 0;
			knownRegions = (
				en,
				Base,
			);
			mainGroup = 33C8440F1F71D52B00545D15;
			productRefGroup = 33C844191F71D52B00545D15 /* Products */;
			projectDirPath = "";
			projectRoot = "";
			targets = (
				33C844171F71D52B00545D15 /* RollingGrill */,
			);
		};
/* End PBXProject section */

/* Begin PBXResourcesBuildPhase section */
		33C844161F71D52B00545D15 /* Resources */ = {
			isa = PBXResourcesBuildPhase;
			buildActionMask = 2147483647;
			files = (
				33C844311F71D64700545D15 /* Main.storyboard in Resources */,
				33C844291F71D52B00545D15 /* LaunchScreen.storyboard in Resources */,
				33C844261F71D52B00545D15 /* Assets.xcassets in Resources */,
			);
			runOnlyForDeploymentPostprocessing = 0;
		};
/* End PBXResourcesBuildPhase section */

/* Begin PBXShellScriptBuildPhase section */
		453AD3D8EAACE8257E7BD74D /* [CP] Check Pods Manifest.lock */ = {
			isa = PBXShellScriptBuildPhase;
			buildActionMask = 2147483647;
			files = (
			);
			inputPaths = (
			);
			name = "[CP] Check Pods Manifest.lock";
			outputPaths = (
			);
			runOnlyForDeploymentPostprocessing = 0;
			shellPath = /bin/sh;
			shellScript = "diff \"${PODS_PODFILE_DIR_PATH}/Podfile.lock\" \"${PODS_ROOT}/Manifest.lock\" > /dev/null\nif [ $? != 0 ] ; then\n    # print error to STDERR\n    echo \"error: The sandbox is not in sync with the Podfile.lock. Run 'pod install' or update your CocoaPods installation.\" >&2\n    exit 1\nfi\n";
			showEnvVarsInLog = 0;
		};
		69463B9B126481EF57EA5C8D /* [CP] Copy Pods Resources */ = {
			isa = PBXShellScriptBuildPhase;
			buildActionMask = 2147483647;
			files = (
			);
			inputPaths = (
			);
			name = "[CP] Copy Pods Resources";
			outputPaths = (
			);
			runOnlyForDeploymentPostprocessing = 0;
			shellPath = /bin/sh;
			shellScript = "\"${SRCROOT}/Pods/Target Support Files/Pods-RollingGrill/Pods-RollingGrill-resources.sh\"\n";
			showEnvVarsInLog = 0;
		};
		ABC23BDEF0F00A9A802B9F59 /* [CP] Embed Pods Frameworks */ = {
			isa = PBXShellScriptBuildPhase;
			buildActionMask = 2147483647;
			files = (
			);
			inputPaths = (
			);
			name = "[CP] Embed Pods Frameworks";
			outputPaths = (
			);
			runOnlyForDeploymentPostprocessing = 0;
			shellPath = /bin/sh;
			shellScript = "\"${SRCROOT}/Pods/Target Support Files/Pods-RollingGrill/Pods-RollingGrill-frameworks.sh\"\n";
			showEnvVarsInLog = 0;
		};
/* End PBXShellScriptBuildPhase section */

/* Begin PBXSourcesBuildPhase section */
		33C844141F71D52B00545D15 /* Sources */ = {
			isa = PBXSourcesBuildPhase;
			buildActionMask = 2147483647;
			files = (
				33C844361F71D6D100545D15 /* DrinkViewController.swift in Sources */,
				33E463E41F8580CB000F0086 /* Colors.swift in Sources */,
				33C548C41FA9259D00D34899 /* MenuTableViewCell.swift in Sources */,
				33403D271FB0D44400016D78 /* MenuFilterViewController.swift in Sources */,
				331C3D031FB15768001CCEFF /* ConnectViewController.swift in Sources */,
				33B3ADF61FE57D6400C69C50 /* CardFieldViewController.swift in Sources */,
				3314D9D01FE96D1E001D7CF8 /* ChefMessageViewController.swift in Sources */,
				33C844241F71D52B00545D15 /* RollingGrill.xcdatamodeld in Sources */,
				33C8441C1F71D52B00545D15 /* AppDelegate.swift in Sources */,
				33B9910E1FDF2329000C4E1A /* OnboardingViewController.swift in Sources */,
				33B9910A1FDF18E3000C4E1A /* BarButtonBadges.swift in Sources */,
				339E0D6D1FA92AF200C24B05 /* GalleryViewController.swift in Sources */,
				33B3ADF81FE57E7D00C69C50 /* ThemeViewController.swift in Sources */,
				336249CE1FDB90AC00B529D7 /* MockCustomer.swift in Sources */,
				33C844381F71D6DC00545D15 /* MenuViewController.swift in Sources */,
				33D1093F1F7EF6F600374166 /* DrinkTableViewCell.swift in Sources */,
				338B7BA41FA9305200BAB272 /* ExampleTableViewCell.swift in Sources */,
				333179261FB221C900F1D5DE /* DrinkFilterViewController.swift in Sources */,
			);
			runOnlyForDeploymentPostprocessing = 0;
		};
/* End PBXSourcesBuildPhase section */

/* Begin PBXVariantGroup section */
		33C844271F71D52B00545D15 /* LaunchScreen.storyboard */ = {
			isa = PBXVariantGroup;
			children = (
				33C844281F71D52B00545D15 /* Base */,
			);
			name = LaunchScreen.storyboard;
			sourceTree = "<group>";
		};
/* End PBXVariantGroup section */

/* Begin XCBuildConfiguration section */
		33C8442B1F71D52B00545D15 /* Debug */ = {
			isa = XCBuildConfiguration;
			buildSettings = {
				ALWAYS_SEARCH_USER_PATHS = NO;
				CLANG_ANALYZER_NONNULL = YES;
				CLANG_ANALYZER_NUMBER_OBJECT_CONVERSION = YES_AGGRESSIVE;
				CLANG_CXX_LANGUAGE_STANDARD = "gnu++14";
				CLANG_CXX_LIBRARY = "libc++";
				CLANG_ENABLE_MODULES = YES;
				CLANG_ENABLE_OBJC_ARC = YES;
				CLANG_WARN_BLOCK_CAPTURE_AUTORELEASING = YES;
				CLANG_WARN_BOOL_CONVERSION = YES;
				CLANG_WARN_COMMA = YES;
				CLANG_WARN_CONSTANT_CONVERSION = YES;
				CLANG_WARN_DIRECT_OBJC_ISA_USAGE = YES_ERROR;
				CLANG_WARN_DOCUMENTATION_COMMENTS = YES;
				CLANG_WARN_EMPTY_BODY = YES;
				CLANG_WARN_ENUM_CONVERSION = YES;
				CLANG_WARN_INFINITE_RECURSION = YES;
				CLANG_WARN_INT_CONVERSION = YES;
				CLANG_WARN_NON_LITERAL_NULL_CONVERSION = YES;
				CLANG_WARN_OBJC_LITERAL_CONVERSION = YES;
				CLANG_WARN_OBJC_ROOT_CLASS = YES_ERROR;
				CLANG_WARN_RANGE_LOOP_ANALYSIS = YES;
				CLANG_WARN_STRICT_PROTOTYPES = YES;
				CLANG_WARN_SUSPICIOUS_MOVE = YES;
				CLANG_WARN_UNGUARDED_AVAILABILITY = YES_AGGRESSIVE;
				CLANG_WARN_UNREACHABLE_CODE = YES;
				CLANG_WARN__DUPLICATE_METHOD_MATCH = YES;
				CODE_SIGN_IDENTITY = "iPhone Developer";
				COPY_PHASE_STRIP = NO;
				DEBUG_INFORMATION_FORMAT = dwarf;
				ENABLE_STRICT_OBJC_MSGSEND = YES;
				ENABLE_TESTABILITY = YES;
				GCC_C_LANGUAGE_STANDARD = gnu11;
				GCC_DYNAMIC_NO_PIC = NO;
				GCC_NO_COMMON_BLOCKS = YES;
				GCC_OPTIMIZATION_LEVEL = 0;
				GCC_PREPROCESSOR_DEFINITIONS = (
					"DEBUG=1",
					"$(inherited)",
				);
				GCC_WARN_64_TO_32_BIT_CONVERSION = YES;
				GCC_WARN_ABOUT_RETURN_TYPE = YES_ERROR;
				GCC_WARN_UNDECLARED_SELECTOR = YES;
				GCC_WARN_UNINITIALIZED_AUTOS = YES_AGGRESSIVE;
				GCC_WARN_UNUSED_FUNCTION = YES;
				GCC_WARN_UNUSED_VARIABLE = YES;
				IPHONEOS_DEPLOYMENT_TARGET = 11.0;
				MTL_ENABLE_DEBUG_INFO = YES;
				ONLY_ACTIVE_ARCH = YES;
				SDKROOT = iphoneos;
				SWIFT_ACTIVE_COMPILATION_CONDITIONS = DEBUG;
				SWIFT_OPTIMIZATION_LEVEL = "-Onone";
			};
			name = Debug;
		};
		33C8442C1F71D52B00545D15 /* Release */ = {
			isa = XCBuildConfiguration;
			buildSettings = {
				ALWAYS_SEARCH_USER_PATHS = NO;
				CLANG_ANALYZER_NONNULL = YES;
				CLANG_ANALYZER_NUMBER_OBJECT_CONVERSION = YES_AGGRESSIVE;
				CLANG_CXX_LANGUAGE_STANDARD = "gnu++14";
				CLANG_CXX_LIBRARY = "libc++";
				CLANG_ENABLE_MODULES = YES;
				CLANG_ENABLE_OBJC_ARC = YES;
				CLANG_WARN_BLOCK_CAPTURE_AUTORELEASING = YES;
				CLANG_WARN_BOOL_CONVERSION = YES;
				CLANG_WARN_COMMA = YES;
				CLANG_WARN_CONSTANT_CONVERSION = YES;
				CLANG_WARN_DIRECT_OBJC_ISA_USAGE = YES_ERROR;
				CLANG_WARN_DOCUMENTATION_COMMENTS = YES;
				CLANG_WARN_EMPTY_BODY = YES;
				CLANG_WARN_ENUM_CONVERSION = YES;
				CLANG_WARN_INFINITE_RECURSION = YES;
				CLANG_WARN_INT_CONVERSION = YES;
				CLANG_WARN_NON_LITERAL_NULL_CONVERSION = YES;
				CLANG_WARN_OBJC_LITERAL_CONVERSION = YES;
				CLANG_WARN_OBJC_ROOT_CLASS = YES_ERROR;
				CLANG_WARN_RANGE_LOOP_ANALYSIS = YES;
				CLANG_WARN_STRICT_PROTOTYPES = YES;
				CLANG_WARN_SUSPICIOUS_MOVE = YES;
				CLANG_WARN_UNGUARDED_AVAILABILITY = YES_AGGRESSIVE;
				CLANG_WARN_UNREACHABLE_CODE = YES;
				CLANG_WARN__DUPLICATE_METHOD_MATCH = YES;
				CODE_SIGN_IDENTITY = "iPhone Developer";
				COPY_PHASE_STRIP = NO;
				DEBUG_INFORMATION_FORMAT = "dwarf-with-dsym";
				ENABLE_NS_ASSERTIONS = NO;
				ENABLE_STRICT_OBJC_MSGSEND = YES;
				GCC_C_LANGUAGE_STANDARD = gnu11;
				GCC_NO_COMMON_BLOCKS = YES;
				GCC_WARN_64_TO_32_BIT_CONVERSION = YES;
				GCC_WARN_ABOUT_RETURN_TYPE = YES_ERROR;
				GCC_WARN_UNDECLARED_SELECTOR = YES;
				GCC_WARN_UNINITIALIZED_AUTOS = YES_AGGRESSIVE;
				GCC_WARN_UNUSED_FUNCTION = YES;
				GCC_WARN_UNUSED_VARIABLE = YES;
				IPHONEOS_DEPLOYMENT_TARGET = 11.0;
				MTL_ENABLE_DEBUG_INFO = NO;
				SDKROOT = iphoneos;
				SWIFT_OPTIMIZATION_LEVEL = "-Owholemodule";
				VALIDATE_PRODUCT = YES;
			};
			name = Release;
		};
		33C8442E1F71D52B00545D15 /* Debug */ = {
			isa = XCBuildConfiguration;
			baseConfigurationReference = F40951F77049075D42C2C288 /* Pods-RollingGrill.debug.xcconfig */;
			buildSettings = {
				ASSETCATALOG_COMPILER_APPICON_NAME = AppIcon;
				CODE_SIGN_ENTITLEMENTS = RollingGrill/RollingGrill.entitlements;
				CODE_SIGN_STYLE = Automatic;
				DEVELOPMENT_TEAM = 35U9HEBB6W;
				INFOPLIST_FILE = RollingGrill/Info.plist;
				LD_RUNPATH_SEARCH_PATHS = "$(inherited) @executable_path/Frameworks";
				PRODUCT_BUNDLE_IDENTIFIER = Apptzr.RollingGrill;
				PRODUCT_NAME = "$(TARGET_NAME)";
				SWIFT_VERSION = 4.0;
				TARGETED_DEVICE_FAMILY = 1;
			};
			name = Debug;
		};
		33C8442F1F71D52B00545D15 /* Release */ = {
			isa = XCBuildConfiguration;
			baseConfigurationReference = 36DC71119D94900E2943B6E2 /* Pods-RollingGrill.release.xcconfig */;
			buildSettings = {
				ASSETCATALOG_COMPILER_APPICON_NAME = AppIcon;
				CODE_SIGN_ENTITLEMENTS = RollingGrill/RollingGrill.entitlements;
				CODE_SIGN_STYLE = Automatic;
				DEVELOPMENT_TEAM = 35U9HEBB6W;
				INFOPLIST_FILE = RollingGrill/Info.plist;
				LD_RUNPATH_SEARCH_PATHS = "$(inherited) @executable_path/Frameworks";
				PRODUCT_BUNDLE_IDENTIFIER = Apptzr.RollingGrill;
				PRODUCT_NAME = "$(TARGET_NAME)";
				SWIFT_VERSION = 4.0;
				TARGETED_DEVICE_FAMILY = 1;
			};
			name = Release;
		};
/* End XCBuildConfiguration section */

/* Begin XCConfigurationList section */
		33C844131F71D52B00545D15 /* Build configuration list for PBXProject "RollingGrill" */ = {
			isa = XCConfigurationList;
			buildConfigurations = (
				33C8442B1F71D52B00545D15 /* Debug */,
				33C8442C1F71D52B00545D15 /* Release */,
			);
			defaultConfigurationIsVisible = 0;
			defaultConfigurationName = Release;
		};
		33C8442D1F71D52B00545D15 /* Build configuration list for PBXNativeTarget "RollingGrill" */ = {
			isa = XCConfigurationList;
			buildConfigurations = (
				33C8442E1F71D52B00545D15 /* Debug */,
				33C8442F1F71D52B00545D15 /* Release */,
			);
			defaultConfigurationIsVisible = 0;
			defaultConfigurationName = Release;
		};
/* End XCConfigurationList section */

/* Begin XCVersionGroup section */
		33C844221F71D52B00545D15 /* RollingGrill.xcdatamodeld */ = {
			isa = XCVersionGroup;
			children = (
				33C844231F71D52B00545D15 /* RollingGrill.xcdatamodel */,
			);
			currentVersion = 33C844231F71D52B00545D15 /* RollingGrill.xcdatamodel */;
			path = RollingGrill.xcdatamodeld;
			sourceTree = "<group>";
			versionGroupType = wrapper.xcdatamodel;
		};
/* End XCVersionGroup section */
	};
	rootObject = 33C844101F71D52B00545D15 /* Project object */;
}
